// !$*UTF8*$!
{
	archiveVersion = 1;
	classes = {
	};
	objectVersion = 56;
	objects = {

/* Begin PBXBuildFile section */
		B3B712B02CD699B700573BEB /* CrickletApp.swift in Sources */ = {isa = PBXBuildFile; fileRef = B3B712AF2CD699B700573BEB /* CrickletApp.swift */; };
		B3B712B22CD699B700573BEB /* ContentView.swift in Sources */ = {isa = PBXBuildFile; fileRef = B3B712B12CD699B700573BEB /* ContentView.swift */; };
		B3B712B42CD699B700573BEB /* Assets.xcassets in Resources */ = {isa = PBXBuildFile; fileRef = B3B712B32CD699B700573BEB /* Assets.xcassets */; };
		B3B712B72CD699B700573BEB /* Preview Assets.xcassets in Resources */ = {isa = PBXBuildFile; fileRef = B3B712B62CD699B700573BEB /* Preview Assets.xcassets */; };
		B3B712C12CD69A8D00573BEB /* MatchDetailView.swift in Sources */ = {isa = PBXBuildFile; fileRef = B3B712C02CD69A8D00573BEB /* MatchDetailView.swift */; };
		B3B712C32CD69ABA00573BEB /* BattingPlayer.swift in Sources */ = {isa = PBXBuildFile; fileRef = B3B712C22CD69ABA00573BEB /* BattingPlayer.swift */; };
		B3B712C52CD69AC300573BEB /* BowlingPlayer.swift in Sources */ = {isa = PBXBuildFile; fileRef = B3B712C42CD69AC300573BEB /* BowlingPlayer.swift */; };
		B3B712C72CD69ACA00573BEB /* MatchData.swift in Sources */ = {isa = PBXBuildFile; fileRef = B3B712C62CD69ACA00573BEB /* MatchData.swift */; };
		B3B712C92CD69B8700573BEB /* AppDelegate.swift in Sources */ = {isa = PBXBuildFile; fileRef = B3B712C82CD69B8700573BEB /* AppDelegate.swift */; };
		B3B712CB2CD69BDA00573BEB /* CrickletAppMenu.swift in Sources */ = {isa = PBXBuildFile; fileRef = B3B712CA2CD69BDA00573BEB /* CrickletAppMenu.swift */; };
		B3B712CD2CD69C0800573BEB /* ErrorView.swift in Sources */ = {isa = PBXBuildFile; fileRef = B3B712CC2CD69C0800573BEB /* ErrorView.swift */; };
		B3B712CF2CD69C2400573BEB /* BattingPlayerRow.swift in Sources */ = {isa = PBXBuildFile; fileRef = B3B712CE2CD69C2400573BEB /* BattingPlayerRow.swift */; };
		B3B712D12CD69C2F00573BEB /* BattingHeaderRow.swift in Sources */ = {isa = PBXBuildFile; fileRef = B3B712D02CD69C2F00573BEB /* BattingHeaderRow.swift */; };
		B3B712D32CD69C3C00573BEB /* BowlingHeaderRow.swift in Sources */ = {isa = PBXBuildFile; fileRef = B3B712D22CD69C3C00573BEB /* BowlingHeaderRow.swift */; };
		B3B712D52CD69C4300573BEB /* BowlingPlayerRow.swift in Sources */ = {isa = PBXBuildFile; fileRef = B3B712D42CD69C4300573BEB /* BowlingPlayerRow.swift */; };
/* End PBXBuildFile section */

/* Begin PBXFileReference section */
		B3B712AC2CD699B700573BEB /* Cricklet.app */ = {isa = PBXFileReference; explicitFileType = wrapper.application; includeInIndex = 0; path = Cricklet.app; sourceTree = BUILT_PRODUCTS_DIR; };
		B3B712AF2CD699B700573BEB /* CrickletApp.swift */ = {isa = PBXFileReference; lastKnownFileType = sourcecode.swift; path = CrickletApp.swift; sourceTree = "<group>"; };
		B3B712B12CD699B700573BEB /* ContentView.swift */ = {isa = PBXFileReference; lastKnownFileType = sourcecode.swift; path = ContentView.swift; sourceTree = "<group>"; };
		B3B712B32CD699B700573BEB /* Assets.xcassets */ = {isa = PBXFileReference; lastKnownFileType = folder.assetcatalog; path = Assets.xcassets; sourceTree = "<group>"; };
		B3B712B62CD699B700573BEB /* Preview Assets.xcassets */ = {isa = PBXFileReference; lastKnownFileType = folder.assetcatalog; path = "Preview Assets.xcassets"; sourceTree = "<group>"; };
		B3B712B82CD699B700573BEB /* Cricklet.entitlements */ = {isa = PBXFileReference; lastKnownFileType = text.plist.entitlements; path = Cricklet.entitlements; sourceTree = "<group>"; };
		B3B712C02CD69A8D00573BEB /* MatchDetailView.swift */ = {isa = PBXFileReference; lastKnownFileType = sourcecode.swift; path = MatchDetailView.swift; sourceTree = "<group>"; };
		B3B712C22CD69ABA00573BEB /* BattingPlayer.swift */ = {isa = PBXFileReference; lastKnownFileType = sourcecode.swift; path = BattingPlayer.swift; sourceTree = "<group>"; };
		B3B712C42CD69AC300573BEB /* BowlingPlayer.swift */ = {isa = PBXFileReference; lastKnownFileType = sourcecode.swift; path = BowlingPlayer.swift; sourceTree = "<group>"; };
		B3B712C62CD69ACA00573BEB /* MatchData.swift */ = {isa = PBXFileReference; lastKnownFileType = sourcecode.swift; path = MatchData.swift; sourceTree = "<group>"; };
		B3B712C82CD69B8700573BEB /* AppDelegate.swift */ = {isa = PBXFileReference; lastKnownFileType = sourcecode.swift; path = AppDelegate.swift; sourceTree = "<group>"; };
		B3B712CA2CD69BDA00573BEB /* CrickletAppMenu.swift */ = {isa = PBXFileReference; lastKnownFileType = sourcecode.swift; path = CrickletAppMenu.swift; sourceTree = "<group>"; };
		B3B712CC2CD69C0800573BEB /* ErrorView.swift */ = {isa = PBXFileReference; lastKnownFileType = sourcecode.swift; path = ErrorView.swift; sourceTree = "<group>"; };
		B3B712CE2CD69C2400573BEB /* BattingPlayerRow.swift */ = {isa = PBXFileReference; lastKnownFileType = sourcecode.swift; path = BattingPlayerRow.swift; sourceTree = "<group>"; };
		B3B712D02CD69C2F00573BEB /* BattingHeaderRow.swift */ = {isa = PBXFileReference; lastKnownFileType = sourcecode.swift; path = BattingHeaderRow.swift; sourceTree = "<group>"; };
		B3B712D22CD69C3C00573BEB /* BowlingHeaderRow.swift */ = {isa = PBXFileReference; lastKnownFileType = sourcecode.swift; path = BowlingHeaderRow.swift; sourceTree = "<group>"; };
		B3B712D42CD69C4300573BEB /* BowlingPlayerRow.swift */ = {isa = PBXFileReference; lastKnownFileType = sourcecode.swift; path = BowlingPlayerRow.swift; sourceTree = "<group>"; };
/* End PBXFileReference section */

/* Begin PBXFrameworksBuildPhase section */
		B3B712A92CD699B700573BEB /* Frameworks */ = {
			isa = PBXFrameworksBuildPhase;
			buildActionMask = 2147483647;
			files = (
			);
			runOnlyForDeploymentPostprocessing = 0;
		};
/* End PBXFrameworksBuildPhase section */

/* Begin PBXGroup section */
		B3B712A32CD699B700573BEB = {
			isa = PBXGroup;
			children = (
				B3B712AE2CD699B700573BEB /* Cricklet */,
				B3B712AD2CD699B700573BEB /* Products */,
			);
			sourceTree = "<group>";
		};
		B3B712AD2CD699B700573BEB /* Products */ = {
			isa = PBXGroup;
			children = (
				B3B712AC2CD699B700573BEB /* Cricklet.app */,
			);
			name = Products;
			sourceTree = "<group>";
		};
		B3B712AE2CD699B700573BEB /* Cricklet */ = {
			isa = PBXGroup;
			children = (
				B3B712BF2CD69A6400573BEB /* Views */,
				B3B712BE2CD69A5C00573BEB /* Models */,
				B3B712AF2CD699B700573BEB /* CrickletApp.swift */,
				B3B712B12CD699B700573BEB /* ContentView.swift */,
				B3B712B32CD699B700573BEB /* Assets.xcassets */,
				B3B712B82CD699B700573BEB /* Cricklet.entitlements */,
				B3B712B52CD699B700573BEB /* Preview Content */,
				B3B712C82CD69B8700573BEB /* AppDelegate.swift */,
				B3B712CA2CD69BDA00573BEB /* CrickletAppMenu.swift */,
			);
			path = Cricklet;
			sourceTree = "<group>";
		};
		B3B712B52CD699B700573BEB /* Preview Content */ = {
			isa = PBXGroup;
			children = (
				B3B712B62CD699B700573BEB /* Preview Assets.xcassets */,
			);
			path = "Preview Content";
			sourceTree = "<group>";
		};
		B3B712BE2CD69A5C00573BEB /* Models */ = {
			isa = PBXGroup;
			children = (
				B3B712C22CD69ABA00573BEB /* BattingPlayer.swift */,
				B3B712C42CD69AC300573BEB /* BowlingPlayer.swift */,
				B3B712C62CD69ACA00573BEB /* MatchData.swift */,
			);
			path = Models;
			sourceTree = "<group>";
		};
		B3B712BF2CD69A6400573BEB /* Views */ = {
			isa = PBXGroup;
			children = (
				B3B712C02CD69A8D00573BEB /* MatchDetailView.swift */,
				B3B712CC2CD69C0800573BEB /* ErrorView.swift */,
				B3B712CE2CD69C2400573BEB /* BattingPlayerRow.swift */,
				B3B712D02CD69C2F00573BEB /* BattingHeaderRow.swift */,
				B3B712D22CD69C3C00573BEB /* BowlingHeaderRow.swift */,
				B3B712D42CD69C4300573BEB /* BowlingPlayerRow.swift */,
			);
			path = Views;
			sourceTree = "<group>";
		};
/* End PBXGroup section */

/* Begin PBXNativeTarget section */
		B3B712AB2CD699B700573BEB /* Cricklet */ = {
			isa = PBXNativeTarget;
			buildConfigurationList = B3B712BB2CD699B700573BEB /* Build configuration list for PBXNativeTarget "Cricklet" */;
			buildPhases = (
				B3B712A82CD699B700573BEB /* Sources */,
				B3B712A92CD699B700573BEB /* Frameworks */,
				B3B712AA2CD699B700573BEB /* Resources */,
			);
			buildRules = (
			);
			dependencies = (
			);
			name = Cricklet;
			productName = Cricklet;
			productReference = B3B712AC2CD699B700573BEB /* Cricklet.app */;
			productType = "com.apple.product-type.application";
		};
/* End PBXNativeTarget section */

/* Begin PBXProject section */
		B3B712A42CD699B700573BEB /* Project object */ = {
			isa = PBXProject;
			attributes = {
				BuildIndependentTargetsInParallel = 1;
				LastSwiftUpdateCheck = 1540;
				LastUpgradeCheck = 1540;
				TargetAttributes = {
					B3B712AB2CD699B700573BEB = {
						CreatedOnToolsVersion = 15.4;
					};
				};
			};
			buildConfigurationList = B3B712A72CD699B700573BEB /* Build configuration list for PBXProject "Cricklet" */;
			compatibilityVersion = "Xcode 14.0";
			developmentRegion = en;
			hasScannedForEncodings = 0;
			knownRegions = (
				en,
				Base,
			);
			mainGroup = B3B712A32CD699B700573BEB;
			productRefGroup = B3B712AD2CD699B700573BEB /* Products */;
			projectDirPath = "";
			projectRoot = "";
			targets = (
				B3B712AB2CD699B700573BEB /* Cricklet */,
			);
		};
/* End PBXProject section */

/* Begin PBXResourcesBuildPhase section */
		B3B712AA2CD699B700573BEB /* Resources */ = {
			isa = PBXResourcesBuildPhase;
			buildActionMask = 2147483647;
			files = (
				B3B712B72CD699B700573BEB /* Preview Assets.xcassets in Resources */,
				B3B712B42CD699B700573BEB /* Assets.xcassets in Resources */,
			);
			runOnlyForDeploymentPostprocessing = 0;
		};
/* End PBXResourcesBuildPhase section */

/* Begin PBXSourcesBuildPhase section */
		B3B712A82CD699B700573BEB /* Sources */ = {
			isa = PBXSourcesBuildPhase;
			buildActionMask = 2147483647;
			files = (
				B3B712C32CD69ABA00573BEB /* BattingPlayer.swift in Sources */,
				B3B712C52CD69AC300573BEB /* BowlingPlayer.swift in Sources */,
				B3B712B22CD699B700573BEB /* ContentView.swift in Sources */,
				B3B712CF2CD69C2400573BEB /* BattingPlayerRow.swift in Sources */,
				B3B712D32CD69C3C00573BEB /* BowlingHeaderRow.swift in Sources */,
				B3B712C72CD69ACA00573BEB /* MatchData.swift in Sources */,
				B3B712D12CD69C2F00573BEB /* BattingHeaderRow.swift in Sources */,
				B3B712C92CD69B8700573BEB /* AppDelegate.swift in Sources */,
				B3B712C12CD69A8D00573BEB /* MatchDetailView.swift in Sources */,
				B3B712D52CD69C4300573BEB /* BowlingPlayerRow.swift in Sources */,
				B3B712B02CD699B700573BEB /* CrickletApp.swift in Sources */,
				B3B712CD2CD69C0800573BEB /* ErrorView.swift in Sources */,
				B3B712CB2CD69BDA00573BEB /* CrickletAppMenu.swift in Sources */,
			);
			runOnlyForDeploymentPostprocessing = 0;
		};
/* End PBXSourcesBuildPhase section */

/* Begin XCBuildConfiguration section */
		B3B712B92CD699B700573BEB /* Debug */ = {
			isa = XCBuildConfiguration;
			buildSettings = {
				ALWAYS_SEARCH_USER_PATHS = NO;
				ASSETCATALOG_COMPILER_GENERATE_SWIFT_ASSET_SYMBOL_EXTENSIONS = YES;
				CLANG_ANALYZER_NONNULL = YES;
				CLANG_ANALYZER_NUMBER_OBJECT_CONVERSION = YES_AGGRESSIVE;
				CLANG_CXX_LANGUAGE_STANDARD = "gnu++20";
				CLANG_ENABLE_MODULES = YES;
				CLANG_ENABLE_OBJC_ARC = YES;
				CLANG_ENABLE_OBJC_WEAK = YES;
				CLANG_WARN_BLOCK_CAPTURE_AUTORELEASING = YES;
				CLANG_WARN_BOOL_CONVERSION = YES;
				CLANG_WARN_COMMA = YES;
				CLANG_WARN_CONSTANT_CONVERSION = YES;
				CLANG_WARN_DEPRECATED_OBJC_IMPLEMENTATIONS = YES;
				CLANG_WARN_DIRECT_OBJC_ISA_USAGE = YES_ERROR;
				CLANG_WARN_DOCUMENTATION_COMMENTS = YES;
				CLANG_WARN_EMPTY_BODY = YES;
				CLANG_WARN_ENUM_CONVERSION = YES;
				CLANG_WARN_INFINITE_RECURSION = YES;
				CLANG_WARN_INT_CONVERSION = YES;
				CLANG_WARN_NON_LITERAL_NULL_CONVERSION = YES;
				CLANG_WARN_OBJC_IMPLICIT_RETAIN_SELF = YES;
				CLANG_WARN_OBJC_LITERAL_CONVERSION = YES;
				CLANG_WARN_OBJC_ROOT_CLASS = YES_ERROR;
				CLANG_WARN_QUOTED_INCLUDE_IN_FRAMEWORK_HEADER = YES;
				CLANG_WARN_RANGE_LOOP_ANALYSIS = YES;
				CLANG_WARN_STRICT_PROTOTYPES = YES;
				CLANG_WARN_SUSPICIOUS_MOVE = YES;
				CLANG_WARN_UNGUARDED_AVAILABILITY = YES_AGGRESSIVE;
				CLANG_WARN_UNREACHABLE_CODE = YES;
				CLANG_WARN__DUPLICATE_METHOD_MATCH = YES;
				COPY_PHASE_STRIP = NO;
				DEBUG_INFORMATION_FORMAT = dwarf;
				ENABLE_STRICT_OBJC_MSGSEND = YES;
				ENABLE_TESTABILITY = YES;
				ENABLE_USER_SCRIPT_SANDBOXING = YES;
				GCC_C_LANGUAGE_STANDARD = gnu17;
				GCC_DYNAMIC_NO_PIC = NO;
				GCC_NO_COMMON_BLOCKS = YES;
				GCC_OPTIMIZATION_LEVEL = 0;
				GCC_PREPROCESSOR_DEFINITIONS = (
					"DEBUG=1",
					"$(inherited)",
				);
				GCC_WARN_64_TO_32_BIT_CONVERSION = YES;
				GCC_WARN_ABOUT_RETURN_TYPE = YES_ERROR;
				GCC_WARN_UNDECLARED_SELECTOR = YES;
				GCC_WARN_UNINITIALIZED_AUTOS = YES_AGGRESSIVE;
				GCC_WARN_UNUSED_FUNCTION = YES;
				GCC_WARN_UNUSED_VARIABLE = YES;
				LOCALIZATION_PREFERS_STRING_CATALOGS = YES;
				MACOSX_DEPLOYMENT_TARGET = 14.5;
				MTL_ENABLE_DEBUG_INFO = INCLUDE_SOURCE;
				MTL_FAST_MATH = YES;
				ONLY_ACTIVE_ARCH = YES;
				SDKROOT = macosx;
				SWIFT_ACTIVE_COMPILATION_CONDITIONS = "DEBUG $(inherited)";
				SWIFT_OPTIMIZATION_LEVEL = "-Onone";
			};
			name = Debug;
		};
		B3B712BA2CD699B700573BEB /* Release */ = {
			isa = XCBuildConfiguration;
			buildSettings = {
				ALWAYS_SEARCH_USER_PATHS = NO;
				ASSETCATALOG_COMPILER_GENERATE_SWIFT_ASSET_SYMBOL_EXTENSIONS = YES;
				CLANG_ANALYZER_NONNULL = YES;
				CLANG_ANALYZER_NUMBER_OBJECT_CONVERSION = YES_AGGRESSIVE;
				CLANG_CXX_LANGUAGE_STANDARD = "gnu++20";
				CLANG_ENABLE_MODULES = YES;
				CLANG_ENABLE_OBJC_ARC = YES;
				CLANG_ENABLE_OBJC_WEAK = YES;
				CLANG_WARN_BLOCK_CAPTURE_AUTORELEASING = YES;
				CLANG_WARN_BOOL_CONVERSION = YES;
				CLANG_WARN_COMMA = YES;
				CLANG_WARN_CONSTANT_CONVERSION = YES;
				CLANG_WARN_DEPRECATED_OBJC_IMPLEMENTATIONS = YES;
				CLANG_WARN_DIRECT_OBJC_ISA_USAGE = YES_ERROR;
				CLANG_WARN_DOCUMENTATION_COMMENTS = YES;
				CLANG_WARN_EMPTY_BODY = YES;
				CLANG_WARN_ENUM_CONVERSION = YES;
				CLANG_WARN_INFINITE_RECURSION = YES;
				CLANG_WARN_INT_CONVERSION = YES;
				CLANG_WARN_NON_LITERAL_NULL_CONVERSION = YES;
				CLANG_WARN_OBJC_IMPLICIT_RETAIN_SELF = YES;
				CLANG_WARN_OBJC_LITERAL_CONVERSION = YES;
				CLANG_WARN_OBJC_ROOT_CLASS = YES_ERROR;
				CLANG_WARN_QUOTED_INCLUDE_IN_FRAMEWORK_HEADER = YES;
				CLANG_WARN_RANGE_LOOP_ANALYSIS = YES;
				CLANG_WARN_STRICT_PROTOTYPES = YES;
				CLANG_WARN_SUSPICIOUS_MOVE = YES;
				CLANG_WARN_UNGUARDED_AVAILABILITY = YES_AGGRESSIVE;
				CLANG_WARN_UNREACHABLE_CODE = YES;
				CLANG_WARN__DUPLICATE_METHOD_MATCH = YES;
				COPY_PHASE_STRIP = NO;
				DEBUG_INFORMATION_FORMAT = "dwarf-with-dsym";
				ENABLE_NS_ASSERTIONS = NO;
				ENABLE_STRICT_OBJC_MSGSEND = YES;
				ENABLE_USER_SCRIPT_SANDBOXING = YES;
				GCC_C_LANGUAGE_STANDARD = gnu17;
				GCC_NO_COMMON_BLOCKS = YES;
				GCC_WARN_64_TO_32_BIT_CONVERSION = YES;
				GCC_WARN_ABOUT_RETURN_TYPE = YES_ERROR;
				GCC_WARN_UNDECLARED_SELECTOR = YES;
				GCC_WARN_UNINITIALIZED_AUTOS = YES_AGGRESSIVE;
				GCC_WARN_UNUSED_FUNCTION = YES;
				GCC_WARN_UNUSED_VARIABLE = YES;
				LOCALIZATION_PREFERS_STRING_CATALOGS = YES;
				MACOSX_DEPLOYMENT_TARGET = 14.5;
				MTL_ENABLE_DEBUG_INFO = NO;
				MTL_FAST_MATH = YES;
				SDKROOT = macosx;
				SWIFT_COMPILATION_MODE = wholemodule;
			};
			name = Release;
		};
		B3B712BC2CD699B700573BEB /* Debug */ = {
			isa = XCBuildConfiguration;
			buildSettings = {
				ASSETCATALOG_COMPILER_APPICON_NAME = AppIcon;
				ASSETCATALOG_COMPILER_GLOBAL_ACCENT_COLOR_NAME = AccentColor;
				CODE_SIGN_ENTITLEMENTS = Cricklet/Cricklet.entitlements;
				CODE_SIGN_STYLE = Automatic;
				COMBINE_HIDPI_IMAGES = YES;
				CURRENT_PROJECT_VERSION = 1;
				DEVELOPMENT_ASSET_PATHS = "\"Cricklet/Preview Content\"";
				ENABLE_PREVIEWS = YES;
				GENERATE_INFOPLIST_FILE = YES;
				INFOPLIST_KEY_NSHumanReadableCopyright = "";
				LD_RUNPATH_SEARCH_PATHS = (
					"$(inherited)",
					"@executable_path/../Frameworks",
				);
				MARKETING_VERSION = 1.0;
				PRODUCT_BUNDLE_IDENTIFIER = com.12planets.Cricklet;
				PRODUCT_NAME = "$(TARGET_NAME)";
				SWIFT_EMIT_LOC_STRINGS = YES;
				SWIFT_VERSION = 5.0;
			};
			name = Debug;
		};
		B3B712BD2CD699B700573BEB /* Release */ = {
			isa = XCBuildConfiguration;
			buildSettings = {
				ASSETCATALOG_COMPILER_APPICON_NAME = AppIcon;
				ASSETCATALOG_COMPILER_GLOBAL_ACCENT_COLOR_NAME = AccentColor;
				CODE_SIGN_ENTITLEMENTS = Cricklet/Cricklet.entitlements;
				CODE_SIGN_STYLE = Automatic;
				COMBINE_HIDPI_IMAGES = YES;
				CURRENT_PROJECT_VERSION = 1;
				DEVELOPMENT_ASSET_PATHS = "\"Cricklet/Preview Content\"";
				ENABLE_PREVIEWS = YES;
				GENERATE_INFOPLIST_FILE = YES;
				INFOPLIST_KEY_NSHumanReadableCopyright = "";
				LD_RUNPATH_SEARCH_PATHS = (
					"$(inherited)",
					"@executable_path/../Frameworks",
				);
				MARKETING_VERSION = 1.0;
				PRODUCT_BUNDLE_IDENTIFIER = com.12planets.Cricklet;
				PRODUCT_NAME = "$(TARGET_NAME)";
				SWIFT_EMIT_LOC_STRINGS = YES;
				SWIFT_VERSION = 5.0;
			};
			name = Release;
		};
/* End XCBuildConfiguration section */

/* Begin XCConfigurationList section */
		B3B712A72CD699B700573BEB /* Build configuration list for PBXProject "Cricklet" */ = {
			isa = XCConfigurationList;
			buildConfigurations = (
				B3B712B92CD699B700573BEB /* Debug */,
				B3B712BA2CD699B700573BEB /* Release */,
			);
			defaultConfigurationIsVisible = 0;
			defaultConfigurationName = Release;
		};
		B3B712BB2CD699B700573BEB /* Build configuration list for PBXNativeTarget "Cricklet" */ = {
			isa = XCConfigurationList;
			buildConfigurations = (
				B3B712BC2CD699B700573BEB /* Debug */,
				B3B712BD2CD699B700573BEB /* Release */,
			);
			defaultConfigurationIsVisible = 0;
			defaultConfigurationName = Release;
		};
/* End XCConfigurationList section */
	};
	rootObject = B3B712A42CD699B700573BEB /* Project object */;
}
